
Microsoft Visual Studio Solution File, Format Version 12.00
# Visual Studio Version 16
VisualStudioVersion = 16.0.31624.102
MinimumVisualStudioVersion = 10.0.40219.1
Project("{8BC9CEB8-8B4A-11D0-8D11-00A0C91BC942}") = "MoveSharp_2", "MoveSharp_2.vcxproj", "{9E9B7B6C-5F0B-4F03-ABE2-DF4ADB884523}"
EndProject
Global
	GlobalSection(SolutionConfigurationPlatforms) = preSolution
		Debug|x64 = Debug|x64
		Debug|x86 = Debug|x86
		Release|x64 = Release|x64
		Release|x86 = Release|x86
	EndGlobalSection
	GlobalSection(ProjectConfigurationPlatforms) = postSolution
		{9E9B7B6C-5F0B-4F03-ABE2-DF4ADB884523}.Debug|x64.ActiveCfg = Debug|x64
		{9E9B7B6C-5F0B-4F03-ABE2-DF4ADB884523}.Debug|x64.Build.0 = Debug|x64
		{9E9B7B6C-5F0B-4F03-ABE2-DF4ADB884523}.Debug|x86.ActiveCfg = Debug|Win32
		{9E9B7B6C-5F0B-4F03-ABE2-DF4ADB884523}.Debug|x86.Build.0 = Debug|Win32
		{9E9B7B6C-5F0B-4F03-ABE2-DF4ADB884523}.Release|x64.ActiveCfg = Release|x64
		{9E9B7B6C-5F0B-4F03-ABE2-DF4ADB884523}.Release|x64.Build.0 = Release|x64
		{9E9B7B6C-5F0B-4F03-ABE2-DF4ADB884523}.Release|x86.ActiveCfg = Release|Win32
		{9E9B7B6C-5F0B-4F03-ABE2-DF4ADB884523}.Release|x86.Build.0 = Release|Win32
	EndGlobalSection
	GlobalSection(SolutionProperties) = preSolution
		HideSolutionNode = FALSE
	EndGlobalSection
	GlobalSection(ExtensibilityGlobals) = postSolution
		SolutionGuid = {5C70559C-8E6F-4241-A06B-F9554D316CFD}
	EndGlobalSection
EndGlobal
