
Microsoft Visual Studio Solution File, Format Version 12.00
# Visual Studio Version 16
VisualStudioVersion = 16.0.31424.327
MinimumVisualStudioVersion = 10.0.40219.1
Project("{8BC9CEB8-8B4A-11D0-8D11-00A0C91BC942}") = "ScreenToClient", "ScreenToClient.vcxproj", "{83D9661E-04D0-403A-8324-5835C736D029}"
EndProject
Global
	GlobalSection(SolutionConfigurationPlatforms) = preSolution
		Debug|x64 = Debug|x64
		Debug|x86 = Debug|x86
		Release|x64 = Release|x64
		Release|x86 = Release|x86
	EndGlobalSection
	GlobalSection(ProjectConfigurationPlatforms) = postSolution
		{83D9661E-04D0-403A-8324-5835C736D029}.Debug|x64.ActiveCfg = Debug|x64
		{83D9661E-04D0-403A-8324-5835C736D029}.Debug|x64.Build.0 = Debug|x64
		{83D9661E-04D0-403A-8324-5835C736D029}.Debug|x86.ActiveCfg = Debug|Win32
		{83D9661E-04D0-403A-8324-5835C736D029}.Debug|x86.Build.0 = Debug|Win32
		{83D9661E-04D0-403A-8324-5835C736D029}.Release|x64.ActiveCfg = Release|x64
		{83D9661E-04D0-403A-8324-5835C736D029}.Release|x64.Build.0 = Release|x64
		{83D9661E-04D0-403A-8324-5835C736D029}.Release|x86.ActiveCfg = Release|Win32
		{83D9661E-04D0-403A-8324-5835C736D029}.Release|x86.Build.0 = Release|Win32
	EndGlobalSection
	GlobalSection(SolutionProperties) = preSolution
		HideSolutionNode = FALSE
	EndGlobalSection
	GlobalSection(ExtensibilityGlobals) = postSolution
		SolutionGuid = {181C7B50-C04C-4954-B074-15F4CED5715F}
	EndGlobalSection
EndGlobal
