
Microsoft Visual Studio Solution File, Format Version 12.00
# Visual Studio Version 16
VisualStudioVersion = 16.0.31624.102
MinimumVisualStudioVersion = 10.0.40219.1
Project("{8BC9CEB8-8B4A-11D0-8D11-00A0C91BC942}") = "SendCallback", "SendCallback.vcxproj", "{12275D6F-ED5B-442E-BF2A-6E8A2E09807F}"
EndProject
Global
	GlobalSection(SolutionConfigurationPlatforms) = preSolution
		Debug|x64 = Debug|x64
		Debug|x86 = Debug|x86
		Release|x64 = Release|x64
		Release|x86 = Release|x86
	EndGlobalSection
	GlobalSection(ProjectConfigurationPlatforms) = postSolution
		{12275D6F-ED5B-442E-BF2A-6E8A2E09807F}.Debug|x64.ActiveCfg = Debug|x64
		{12275D6F-ED5B-442E-BF2A-6E8A2E09807F}.Debug|x64.Build.0 = Debug|x64
		{12275D6F-ED5B-442E-BF2A-6E8A2E09807F}.Debug|x86.ActiveCfg = Debug|Win32
		{12275D6F-ED5B-442E-BF2A-6E8A2E09807F}.Debug|x86.Build.0 = Debug|Win32
		{12275D6F-ED5B-442E-BF2A-6E8A2E09807F}.Release|x64.ActiveCfg = Release|x64
		{12275D6F-ED5B-442E-BF2A-6E8A2E09807F}.Release|x64.Build.0 = Release|x64
		{12275D6F-ED5B-442E-BF2A-6E8A2E09807F}.Release|x86.ActiveCfg = Release|Win32
		{12275D6F-ED5B-442E-BF2A-6E8A2E09807F}.Release|x86.Build.0 = Release|Win32
	EndGlobalSection
	GlobalSection(SolutionProperties) = preSolution
		HideSolutionNode = FALSE
	EndGlobalSection
	GlobalSection(ExtensibilityGlobals) = postSolution
		SolutionGuid = {BEC44F41-34C7-4A5B-892C-7B842E878C2F}
	EndGlobalSection
EndGlobal
