
Microsoft Visual Studio Solution File, Format Version 12.00
# Visual Studio Version 16
VisualStudioVersion = 16.0.31624.102
MinimumVisualStudioVersion = 10.0.40219.1
Project("{8BC9CEB8-8B4A-11D0-8D11-00A0C91BC942}") = "PeekMessage2", "PeekMessage2.vcxproj", "{52FF5E93-D49A-4883-B763-86F6992220FA}"
EndProject
Global
	GlobalSection(SolutionConfigurationPlatforms) = preSolution
		Debug|x64 = Debug|x64
		Debug|x86 = Debug|x86
		Release|x64 = Release|x64
		Release|x86 = Release|x86
	EndGlobalSection
	GlobalSection(ProjectConfigurationPlatforms) = postSolution
		{52FF5E93-D49A-4883-B763-86F6992220FA}.Debug|x64.ActiveCfg = Debug|x64
		{52FF5E93-D49A-4883-B763-86F6992220FA}.Debug|x64.Build.0 = Debug|x64
		{52FF5E93-D49A-4883-B763-86F6992220FA}.Debug|x86.ActiveCfg = Debug|Win32
		{52FF5E93-D49A-4883-B763-86F6992220FA}.Debug|x86.Build.0 = Debug|Win32
		{52FF5E93-D49A-4883-B763-86F6992220FA}.Release|x64.ActiveCfg = Release|x64
		{52FF5E93-D49A-4883-B763-86F6992220FA}.Release|x64.Build.0 = Release|x64
		{52FF5E93-D49A-4883-B763-86F6992220FA}.Release|x86.ActiveCfg = Release|Win32
		{52FF5E93-D49A-4883-B763-86F6992220FA}.Release|x86.Build.0 = Release|Win32
	EndGlobalSection
	GlobalSection(SolutionProperties) = preSolution
		HideSolutionNode = FALSE
	EndGlobalSection
	GlobalSection(ExtensibilityGlobals) = postSolution
		SolutionGuid = {FC15D2C6-807A-4E72-B057-90F9E84C3907}
	EndGlobalSection
EndGlobal
