
Microsoft Visual Studio Solution File, Format Version 12.00
# Visual Studio Version 16
VisualStudioVersion = 16.0.31424.327
MinimumVisualStudioVersion = 10.0.40219.1
Project("{8BC9CEB8-8B4A-11D0-8D11-00A0C91BC942}") = "DeferWindowPos2", "DeferWindowPos2.vcxproj", "{8F474F33-A0B0-4FDB-8A75-85D63F06376D}"
EndProject
Global
	GlobalSection(SolutionConfigurationPlatforms) = preSolution
		Debug|x64 = Debug|x64
		Debug|x86 = Debug|x86
		Release|x64 = Release|x64
		Release|x86 = Release|x86
	EndGlobalSection
	GlobalSection(ProjectConfigurationPlatforms) = postSolution
		{8F474F33-A0B0-4FDB-8A75-85D63F06376D}.Debug|x64.ActiveCfg = Debug|x64
		{8F474F33-A0B0-4FDB-8A75-85D63F06376D}.Debug|x64.Build.0 = Debug|x64
		{8F474F33-A0B0-4FDB-8A75-85D63F06376D}.Debug|x86.ActiveCfg = Debug|Win32
		{8F474F33-A0B0-4FDB-8A75-85D63F06376D}.Debug|x86.Build.0 = Debug|Win32
		{8F474F33-A0B0-4FDB-8A75-85D63F06376D}.Release|x64.ActiveCfg = Release|x64
		{8F474F33-A0B0-4FDB-8A75-85D63F06376D}.Release|x64.Build.0 = Release|x64
		{8F474F33-A0B0-4FDB-8A75-85D63F06376D}.Release|x86.ActiveCfg = Release|Win32
		{8F474F33-A0B0-4FDB-8A75-85D63F06376D}.Release|x86.Build.0 = Release|Win32
	EndGlobalSection
	GlobalSection(SolutionProperties) = preSolution
		HideSolutionNode = FALSE
	EndGlobalSection
	GlobalSection(ExtensibilityGlobals) = postSolution
		SolutionGuid = {B55BABFD-2229-4E3B-8F81-5CBEC39C9303}
	EndGlobalSection
EndGlobal
