
Microsoft Visual Studio Solution File, Format Version 12.00
# Visual Studio Version 16
VisualStudioVersion = 16.0.31229.75
MinimumVisualStudioVersion = 10.0.40219.1
Project("{8BC9CEB8-8B4A-11D0-8D11-00A0C91BC942}") = "2021-06-08_2", "2021-06-08_2.vcxproj", "{B00BB5CC-EF63-4BC4-8E0D-663C6C7081E7}"
EndProject
Global
	GlobalSection(SolutionConfigurationPlatforms) = preSolution
		Debug|x64 = Debug|x64
		Debug|x86 = Debug|x86
		Release|x64 = Release|x64
		Release|x86 = Release|x86
	EndGlobalSection
	GlobalSection(ProjectConfigurationPlatforms) = postSolution
		{B00BB5CC-EF63-4BC4-8E0D-663C6C7081E7}.Debug|x64.ActiveCfg = Debug|x64
		{B00BB5CC-EF63-4BC4-8E0D-663C6C7081E7}.Debug|x64.Build.0 = Debug|x64
		{B00BB5CC-EF63-4BC4-8E0D-663C6C7081E7}.Debug|x86.ActiveCfg = Debug|Win32
		{B00BB5CC-EF63-4BC4-8E0D-663C6C7081E7}.Debug|x86.Build.0 = Debug|Win32
		{B00BB5CC-EF63-4BC4-8E0D-663C6C7081E7}.Release|x64.ActiveCfg = Release|x64
		{B00BB5CC-EF63-4BC4-8E0D-663C6C7081E7}.Release|x64.Build.0 = Release|x64
		{B00BB5CC-EF63-4BC4-8E0D-663C6C7081E7}.Release|x86.ActiveCfg = Release|Win32
		{B00BB5CC-EF63-4BC4-8E0D-663C6C7081E7}.Release|x86.Build.0 = Release|Win32
	EndGlobalSection
	GlobalSection(SolutionProperties) = preSolution
		HideSolutionNode = FALSE
	EndGlobalSection
	GlobalSection(ExtensibilityGlobals) = postSolution
		SolutionGuid = {E62EA927-EE8A-41AD-87BC-5E7F8B9EDDBE}
	EndGlobalSection
EndGlobal
