
Microsoft Visual Studio Solution File, Format Version 12.00
# Visual Studio Version 16
VisualStudioVersion = 16.0.31229.75
MinimumVisualStudioVersion = 10.0.40219.1
Project("{8BC9CEB8-8B4A-11D0-8D11-00A0C91BC942}") = "2021-06-05_4", "2021-06-05_4.vcxproj", "{8D358005-BED1-4A4A-9EE1-96D078D8501A}"
EndProject
Global
	GlobalSection(SolutionConfigurationPlatforms) = preSolution
		Debug|x64 = Debug|x64
		Debug|x86 = Debug|x86
		Release|x64 = Release|x64
		Release|x86 = Release|x86
	EndGlobalSection
	GlobalSection(ProjectConfigurationPlatforms) = postSolution
		{8D358005-BED1-4A4A-9EE1-96D078D8501A}.Debug|x64.ActiveCfg = Debug|x64
		{8D358005-BED1-4A4A-9EE1-96D078D8501A}.Debug|x64.Build.0 = Debug|x64
		{8D358005-BED1-4A4A-9EE1-96D078D8501A}.Debug|x86.ActiveCfg = Debug|Win32
		{8D358005-BED1-4A4A-9EE1-96D078D8501A}.Debug|x86.Build.0 = Debug|Win32
		{8D358005-BED1-4A4A-9EE1-96D078D8501A}.Release|x64.ActiveCfg = Release|x64
		{8D358005-BED1-4A4A-9EE1-96D078D8501A}.Release|x64.Build.0 = Release|x64
		{8D358005-BED1-4A4A-9EE1-96D078D8501A}.Release|x86.ActiveCfg = Release|Win32
		{8D358005-BED1-4A4A-9EE1-96D078D8501A}.Release|x86.Build.0 = Release|Win32
	EndGlobalSection
	GlobalSection(SolutionProperties) = preSolution
		HideSolutionNode = FALSE
	EndGlobalSection
	GlobalSection(ExtensibilityGlobals) = postSolution
		SolutionGuid = {15095876-5152-45F2-BE8F-20E0808F1885}
	EndGlobalSection
EndGlobal
