
Microsoft Visual Studio Solution File, Format Version 12.00
# Visual Studio Version 16
VisualStudioVersion = 16.0.31424.327
MinimumVisualStudioVersion = 10.0.40219.1
Project("{8BC9CEB8-8B4A-11D0-8D11-00A0C91BC942}") = "2021-07-06_4", "2021-07-06_4.vcxproj", "{054BC300-E938-4B59-B737-FF39D0BF8AF0}"
EndProject
Global
	GlobalSection(SolutionConfigurationPlatforms) = preSolution
		Debug|x64 = Debug|x64
		Debug|x86 = Debug|x86
		Release|x64 = Release|x64
		Release|x86 = Release|x86
	EndGlobalSection
	GlobalSection(ProjectConfigurationPlatforms) = postSolution
		{054BC300-E938-4B59-B737-FF39D0BF8AF0}.Debug|x64.ActiveCfg = Debug|x64
		{054BC300-E938-4B59-B737-FF39D0BF8AF0}.Debug|x64.Build.0 = Debug|x64
		{054BC300-E938-4B59-B737-FF39D0BF8AF0}.Debug|x86.ActiveCfg = Debug|Win32
		{054BC300-E938-4B59-B737-FF39D0BF8AF0}.Debug|x86.Build.0 = Debug|Win32
		{054BC300-E938-4B59-B737-FF39D0BF8AF0}.Release|x64.ActiveCfg = Release|x64
		{054BC300-E938-4B59-B737-FF39D0BF8AF0}.Release|x64.Build.0 = Release|x64
		{054BC300-E938-4B59-B737-FF39D0BF8AF0}.Release|x86.ActiveCfg = Release|Win32
		{054BC300-E938-4B59-B737-FF39D0BF8AF0}.Release|x86.Build.0 = Release|Win32
	EndGlobalSection
	GlobalSection(SolutionProperties) = preSolution
		HideSolutionNode = FALSE
	EndGlobalSection
	GlobalSection(ExtensibilityGlobals) = postSolution
		SolutionGuid = {1B24CBE5-23AE-4406-9EF0-E3D52AB34538}
	EndGlobalSection
EndGlobal
