
Microsoft Visual Studio Solution File, Format Version 12.00
# Visual Studio Version 16
VisualStudioVersion = 16.0.31229.75
MinimumVisualStudioVersion = 10.0.40219.1
Project("{8BC9CEB8-8B4A-11D0-8D11-00A0C91BC942}") = "2021-06-19_6", "2021-06-19_6.vcxproj", "{C8F96156-31C9-457B-97AA-5E870F85DAF3}"
EndProject
Global
	GlobalSection(SolutionConfigurationPlatforms) = preSolution
		Debug|x64 = Debug|x64
		Debug|x86 = Debug|x86
		Release|x64 = Release|x64
		Release|x86 = Release|x86
	EndGlobalSection
	GlobalSection(ProjectConfigurationPlatforms) = postSolution
		{C8F96156-31C9-457B-97AA-5E870F85DAF3}.Debug|x64.ActiveCfg = Debug|x64
		{C8F96156-31C9-457B-97AA-5E870F85DAF3}.Debug|x64.Build.0 = Debug|x64
		{C8F96156-31C9-457B-97AA-5E870F85DAF3}.Debug|x86.ActiveCfg = Debug|Win32
		{C8F96156-31C9-457B-97AA-5E870F85DAF3}.Debug|x86.Build.0 = Debug|Win32
		{C8F96156-31C9-457B-97AA-5E870F85DAF3}.Release|x64.ActiveCfg = Release|x64
		{C8F96156-31C9-457B-97AA-5E870F85DAF3}.Release|x64.Build.0 = Release|x64
		{C8F96156-31C9-457B-97AA-5E870F85DAF3}.Release|x86.ActiveCfg = Release|Win32
		{C8F96156-31C9-457B-97AA-5E870F85DAF3}.Release|x86.Build.0 = Release|Win32
	EndGlobalSection
	GlobalSection(SolutionProperties) = preSolution
		HideSolutionNode = FALSE
	EndGlobalSection
	GlobalSection(ExtensibilityGlobals) = postSolution
		SolutionGuid = {381CDC07-9861-423E-95B8-F5626D1D8F56}
	EndGlobalSection
EndGlobal
