
Microsoft Visual Studio Solution File, Format Version 12.00
# Visual Studio Version 16
VisualStudioVersion = 16.0.31624.102
MinimumVisualStudioVersion = 10.0.40219.1
Project("{8BC9CEB8-8B4A-11D0-8D11-00A0C91BC942}") = "SubEdit2", "SubEdit2.vcxproj", "{FF82C041-4F13-454F-B5F8-76226355FAE9}"
EndProject
Global
	GlobalSection(SolutionConfigurationPlatforms) = preSolution
		Debug|x64 = Debug|x64
		Debug|x86 = Debug|x86
		Release|x64 = Release|x64
		Release|x86 = Release|x86
	EndGlobalSection
	GlobalSection(ProjectConfigurationPlatforms) = postSolution
		{FF82C041-4F13-454F-B5F8-76226355FAE9}.Debug|x64.ActiveCfg = Debug|x64
		{FF82C041-4F13-454F-B5F8-76226355FAE9}.Debug|x64.Build.0 = Debug|x64
		{FF82C041-4F13-454F-B5F8-76226355FAE9}.Debug|x86.ActiveCfg = Debug|Win32
		{FF82C041-4F13-454F-B5F8-76226355FAE9}.Debug|x86.Build.0 = Debug|Win32
		{FF82C041-4F13-454F-B5F8-76226355FAE9}.Release|x64.ActiveCfg = Release|x64
		{FF82C041-4F13-454F-B5F8-76226355FAE9}.Release|x64.Build.0 = Release|x64
		{FF82C041-4F13-454F-B5F8-76226355FAE9}.Release|x86.ActiveCfg = Release|Win32
		{FF82C041-4F13-454F-B5F8-76226355FAE9}.Release|x86.Build.0 = Release|Win32
	EndGlobalSection
	GlobalSection(SolutionProperties) = preSolution
		HideSolutionNode = FALSE
	EndGlobalSection
	GlobalSection(ExtensibilityGlobals) = postSolution
		SolutionGuid = {923F0091-99E2-4357-B959-FB683176B182}
	EndGlobalSection
EndGlobal
